
Microsoft Visual Studio Solution File, Format Version 12.00
# Visual Studio Version 17
VisualStudioVersion = 17.9.34728.123
MinimumVisualStudioVersion = 10.0.40219.1
Project("{FAE04EC0-301F-11D3-BF4B-00C04F79EFBC}") = "tehenek", "tehenek.csproj", "{966194ED-0F6D-471E-AA0B-2C904783939C}"
EndProject
Global
	GlobalSection(SolutionConfigurationPlatforms) = preSolution
		Debug|Any CPU = Debug|Any CPU
		Release|Any CPU = Release|Any CPU
	EndGlobalSection
	GlobalSection(ProjectConfigurationPlatforms) = postSolution
		{966194ED-0F6D-471E-AA0B-2C904783939C}.Debug|Any CPU.ActiveCfg = Debug|Any CPU
		{966194ED-0F6D-471E-AA0B-2C904783939C}.Debug|Any CPU.Build.0 = Debug|Any CPU
		{966194ED-0F6D-471E-AA0B-2C904783939C}.Release|Any CPU.ActiveCfg = Release|Any CPU
		{966194ED-0F6D-471E-AA0B-2C904783939C}.Release|Any CPU.Build.0 = Release|Any CPU
	EndGlobalSection
	GlobalSection(SolutionProperties) = preSolution
		HideSolutionNode = FALSE
	EndGlobalSection
	GlobalSection(ExtensibilityGlobals) = postSolution
		SolutionGuid = {74BDC6E8-1500-4D2A-992A-7D9235C347CC}
	EndGlobalSection
EndGlobal
